{
  "meteor": {},
  "dependencies": {
    "basePackages": {
      "fast-render": {
        "git": "git://github.com/arunoda/meteor-fast-render.git",
        "branch": "master"
      },
      "iron-router": {
        "version": "0.7.1"
      },
      "reactive-table": {
        "version": "0.3.9"
      },
      "foundation": {
        "version": "4.3.2"
      }
    },
    "packages": {
      "fast-render": {
        "git": "git://github.com/arunoda/meteor-fast-render.git",
        "branch": "master",
        "commit": "93e2fb334e55fbe9b5ebb2a2e65964018658f43e"
      },
      "iron-router": {
        "git": "https://github.com/EventedMind/iron-router.git",
        "tag": "v0.7.1",
        "commit": "d1ffb3f06ea4c112132b030f2eb1a70b81675ecb"
      },
      "reactive-table": {
        "git": "https://github.com/ecohealthalliance/reactive-table.git",
        "tag": "v0.3.9",
        "commit": "daaf8bb85fff77b652b872ecda69117bfcd230dd"
      },
      "foundation": {
        "git": "https://github.com/ewall/meteor-foundation.git",
        "tag": "v4.3.2",
        "commit": "4cd0dc6ac5c69bf7477917a836d9078262d273a0"
      },
      "blaze-layout": {
        "git": "https://github.com/EventedMind/blaze-layout.git",
        "tag": "v0.2.4",
        "commit": "b40e9b0612329288d75cf52ad14a7da64bb8618f"
      },
      "just-i18n": {
        "git": "https://github.com/subhog/meteor-just-i18n.git",
        "tag": "v0.2.4",
        "commit": "91decfcf5b3b5e67f202a67658350b862330bf3d"
      }
    }
  }
}
